
Microsoft Visual Studio Solution File, Format Version 12.00
# Visual Studio Version 17
<<<<<<< HEAD
VisualStudioVersion = 17.11.35312.102
MinimumVisualStudioVersion = 10.0.40219.1
Project("{FAE04EC0-301F-11D3-BF4B-00C04F79EFBC}") = "Taller-Programacion", "Taller-Programacion\Taller-Programacion.csproj", "{6FF9DB33-1463-4458-91A6-AFC32A545E11}"
=======
VisualStudioVersion = 17.11.35327.3
MinimumVisualStudioVersion = 10.0.40219.1
Project("{FAE04EC0-301F-11D3-BF4B-00C04F79EFBC}") = "Taller-Programacion", "Taller-Programacion\Taller-Programacion.csproj", "{82F1DA84-50B7-458E-B065-5883703406E8}"
>>>>>>> BeforeMain/lucia
EndProject
Global
	GlobalSection(SolutionConfigurationPlatforms) = preSolution
		Debug|Any CPU = Debug|Any CPU
		Release|Any CPU = Release|Any CPU
	EndGlobalSection
	GlobalSection(ProjectConfigurationPlatforms) = postSolution
<<<<<<< HEAD
		{6FF9DB33-1463-4458-91A6-AFC32A545E11}.Debug|Any CPU.ActiveCfg = Debug|Any CPU
		{6FF9DB33-1463-4458-91A6-AFC32A545E11}.Debug|Any CPU.Build.0 = Debug|Any CPU
		{6FF9DB33-1463-4458-91A6-AFC32A545E11}.Debug|Any CPU.Deploy.0 = Debug|Any CPU
		{6FF9DB33-1463-4458-91A6-AFC32A545E11}.Release|Any CPU.ActiveCfg = Release|Any CPU
		{6FF9DB33-1463-4458-91A6-AFC32A545E11}.Release|Any CPU.Build.0 = Release|Any CPU
		{6FF9DB33-1463-4458-91A6-AFC32A545E11}.Release|Any CPU.Deploy.0 = Release|Any CPU
=======
		{82F1DA84-50B7-458E-B065-5883703406E8}.Debug|Any CPU.ActiveCfg = Debug|Any CPU
		{82F1DA84-50B7-458E-B065-5883703406E8}.Debug|Any CPU.Build.0 = Debug|Any CPU
		{82F1DA84-50B7-458E-B065-5883703406E8}.Debug|Any CPU.Deploy.0 = Debug|Any CPU
		{82F1DA84-50B7-458E-B065-5883703406E8}.Release|Any CPU.ActiveCfg = Release|Any CPU
		{82F1DA84-50B7-458E-B065-5883703406E8}.Release|Any CPU.Build.0 = Release|Any CPU
		{82F1DA84-50B7-458E-B065-5883703406E8}.Release|Any CPU.Deploy.0 = Release|Any CPU
>>>>>>> BeforeMain/lucia
	EndGlobalSection
	GlobalSection(SolutionProperties) = preSolution
		HideSolutionNode = FALSE
	EndGlobalSection
	GlobalSection(ExtensibilityGlobals) = postSolution
<<<<<<< HEAD
		SolutionGuid = {44B84E36-22EF-4B16-8076-6D0827A91F0F}
=======
		SolutionGuid = {0075EC73-CA73-470E-8CCA-81987360B1EA}
>>>>>>> BeforeMain/lucia
	EndGlobalSection
EndGlobal
